
Microsoft Visual Studio Solution File, Format Version 12.00
# Visual Studio Version 16
VisualStudioVersion = 16.0.31321.278
MinimumVisualStudioVersion = 10.0.40219.1
Project("{FAE04EC0-301F-11D3-BF4B-00C04F79EFBC}") = "ExtractCookiesFromBrowser", "ExtractCookiesFromBrowser\ExtractCookiesFromBrowser.csproj", "{CFFE60F7-BD1D-42BA-8880-88A26908E6B6}"
EndProject
Global
	GlobalSection(SolutionConfigurationPlatforms) = preSolution
		Debug|Any CPU = Debug|Any CPU
		Release|Any CPU = Release|Any CPU
	EndGlobalSection
	GlobalSection(ProjectConfigurationPlatforms) = postSolution
		{CFFE60F7-BD1D-42BA-8880-88A26908E6B6}.Debug|Any CPU.ActiveCfg = Debug|Any CPU
		{CFFE60F7-BD1D-42BA-8880-88A26908E6B6}.Debug|Any CPU.Build.0 = Debug|Any CPU
		{CFFE60F7-BD1D-42BA-8880-88A26908E6B6}.Release|Any CPU.ActiveCfg = Release|Any CPU
		{CFFE60F7-BD1D-42BA-8880-88A26908E6B6}.Release|Any CPU.Build.0 = Release|Any CPU
	EndGlobalSection
	GlobalSection(SolutionProperties) = preSolution
		HideSolutionNode = FALSE
	EndGlobalSection
	GlobalSection(ExtensibilityGlobals) = postSolution
		SolutionGuid = {E416138C-3AA7-45E7-853B-BC4C5BE0F161}
	EndGlobalSection
EndGlobal
